{
  "version": "4",
  "specifiers": {
    "jsr:@std/assert@^1.0.12": "1.0.12",
    "jsr:@std/expect@^1.0.15": "1.0.15",
    "jsr:@std/internal@^1.0.6": "1.0.6",
    "jsr:@std/testing@^1.0.11": "1.0.11",
    "npm:datastore-core@^10.0.2": "10.0.2",
    "npm:interface-datastore@^8.3.1": "8.3.1",
    "npm:multiformats@^13.3.2": "13.3.2"
  },
  "jsr": {
    "@std/assert@1.0.12": {
      "integrity": "08009f0926dda9cbd8bef3a35d3b6a4b964b0ab5c3e140a4e0351fbf34af5b9a",
      "dependencies": [
        "jsr:@std/internal"
      ]
    },
    "@std/expect@1.0.15": {
      "integrity": "eca360007b5a7f13dbfa1294224baee7fb98dcd460d8461fe64eeae302902945",
      "dependencies": [
        "jsr:@std/assert",
        "jsr:@std/internal"
      ]
    },
    "@std/internal@1.0.6": {
      "integrity": "9533b128f230f73bd209408bb07a4b12f8d4255ab2a4d22a1fd6d87304aca9a4"
    },
    "@std/testing@1.0.11": {
      "integrity": "12b3db12d34f0f385a26248933bde766c0f8c5ad8b6ab34d4d38f528ab852f48",
      "dependencies": [
        "jsr:@std/assert",
        "jsr:@std/internal"
      ]
    }
  },
  "npm": {
    "@chainsafe/is-ip@2.1.0": {
      "integrity": "sha512-KIjt+6IfysQ4GCv66xihEitBjvhU/bixbbbFxdJ1sqCp4uJ0wuZiYBPhksZoy4lfaF0k9cwNzY5upEW/VWdw3w=="
    },
    "@chainsafe/netmask@2.0.0": {
      "integrity": "sha512-I3Z+6SWUoaljh3TBzCnCxjlUyN8tA+NAk5L6m9IxvCf1BENQTePzPMis97CoN/iMW1St3WN+AWCCRp+TTBRiDg==",
      "dependencies": [
        "@chainsafe/is-ip"
      ]
    },
    "@leichtgewicht/ip-codec@2.0.5": {
      "integrity": "sha512-Vo+PSpZG2/fmgmiNzYK9qWRh8h/CHrwD0mo1h1DzL4yzHNSfWYujGTYsWGreD000gcgmZ7K4Ys6Tx9TxtsKdDw=="
    },
    "@libp2p/interface@2.8.0": {
      "integrity": "sha512-QnIjqqUv2aDiBho6OGcNNhLT3Ac4RKrh41qoQmqG6csMRkUUx/xZMkfFJx3j0wGCIP8GS4sGspkTt4wCpPbSWw==",
      "dependencies": [
        "@multiformats/multiaddr",
        "it-pushable",
        "it-stream-types",
        "multiformats",
        "progress-events",
        "uint8arraylist"
      ]
    },
    "@libp2p/logger@5.1.14": {
      "integrity": "sha512-rJeEq7iuKMMjel0zzH10dXzcWn4Q2yywbv5vM9B1xTQpkD4uxTbBlQs+EL9+pmwaaQrrriEGqluZOTzHvUzJUg==",
      "dependencies": [
        "@libp2p/interface",
        "@multiformats/multiaddr",
        "interface-datastore",
        "multiformats",
        "weald"
      ]
    },
    "@multiformats/dns@1.0.6": {
      "integrity": "sha512-nt/5UqjMPtyvkG9BQYdJ4GfLK3nMqGpFZOzf4hAmIa0sJh2LlS9YKXZ4FgwBDsaHvzZqR/rUFIywIc7pkHNNuw==",
      "dependencies": [
        "@types/dns-packet",
        "buffer",
        "dns-packet",
        "hashlru",
        "p-queue",
        "progress-events",
        "uint8arrays"
      ]
    },
    "@multiformats/multiaddr@12.4.0": {
      "integrity": "sha512-FL7yBTLijJ5JkO044BGb2msf+uJLrwpD6jD6TkXlbjA9N12+18HT40jvd4o5vL4LOJMc86dPX6tGtk/uI9kYKg==",
      "dependencies": [
        "@chainsafe/is-ip",
        "@chainsafe/netmask",
        "@multiformats/dns",
        "multiformats",
        "uint8-varint",
        "uint8arrays"
      ]
    },
    "@types/dns-packet@5.6.5": {
      "integrity": "sha512-qXOC7XLOEe43ehtWJCMnQXvgcIpv6rPmQ1jXT98Ad8A3TB1Ue50jsCbSSSyuazScEuZ/Q026vHbrOTVkmwA+7Q==",
      "dependencies": [
        "@types/node"
      ]
    },
    "@types/node@22.12.0": {
      "integrity": "sha512-Fll2FZ1riMjNmlmJOdAyY5pUbkftXslB5DgEzlIuNaiWhXd00FhWxVC/r4yV/4wBb9JfImTu+jiSvXTkJ7F/gA==",
      "dependencies": [
        "undici-types"
      ]
    },
    "abort-error@1.0.1": {
      "integrity": "sha512-fxqCblJiIPdSXIUrxI0PL+eJG49QdP9SQ70qtB65MVAoMr2rASlOyAbJFOylfB467F/f+5BCLJJq58RYi7mGfg=="
    },
    "base64-js@1.5.1": {
      "integrity": "sha512-AKpaYlHn8t4SVbOHCy+b5+KKgvR4vrsD8vbvrbiQJps7fKDTkjkDry6ji0rUJjC0kzbNePLwzxq8iypo41qeWA=="
    },
    "buffer@6.0.3": {
      "integrity": "sha512-FTiCpNxtwiZZHEZbcbTIcZjERVICn9yq/pDFkTl95/AxzD1naBctN7YO68riM/gLSDY7sdrMby8hofADYuuqOA==",
      "dependencies": [
        "base64-js",
        "ieee754"
      ]
    },
    "datastore-core@10.0.2": {
      "integrity": "sha512-B3WXxI54VxJkpXxnYibiF17si3bLXE1XOjrJB7wM5co9fx2KOEkiePDGiCCEtnapFHTnmAnYCPdA7WZTIpdn/A==",
      "dependencies": [
        "@libp2p/logger",
        "interface-datastore",
        "interface-store",
        "it-drain",
        "it-filter",
        "it-map",
        "it-merge",
        "it-pipe",
        "it-pushable",
        "it-sort",
        "it-take"
      ]
    },
    "dns-packet@5.6.1": {
      "integrity": "sha512-l4gcSouhcgIKRvyy99RNVOgxXiicE+2jZoNmaNmZ6JXiGajBOJAesk1OBlJuM5k2c+eudGdLxDqXuPCKIj6kpw==",
      "dependencies": [
        "@leichtgewicht/ip-codec"
      ]
    },
    "eventemitter3@5.0.1": {
      "integrity": "sha512-GWkBvjiSZK87ELrYOSESUYeVIc9mvLLf/nXalMOS5dYrgZq9o5OVkbZAVM06CVxYsCwH9BDZFPlQTlPA1j4ahA=="
    },
    "hashlru@2.3.0": {
      "integrity": "sha512-0cMsjjIC8I+D3M44pOQdsy0OHXGLVz6Z0beRuufhKa0KfaD2wGwAev6jILzXsd3/vpnNQJmWyZtIILqM1N+n5A=="
    },
    "ieee754@1.2.1": {
      "integrity": "sha512-dcyqhDvX1C46lXZcVqCpK+FtMRQVdIMN6/Df5js2zouUsqG7I6sFxitIC+7KYK29KdXOLHdu9zL4sFnoVQnqaA=="
    },
    "interface-datastore@8.3.1": {
      "integrity": "sha512-3r0ETmHIi6HmvM5sc09QQiCD3gUfwtEM/AAChOyAd/UAKT69uk8LXfTSUBufbUIO/dU65Vj8nb9O6QjwW8vDSQ==",
      "dependencies": [
        "interface-store",
        "uint8arrays"
      ]
    },
    "interface-store@6.0.2": {
      "integrity": "sha512-KSFCXtBlNoG0hzwNa0RmhHtrdhzexp+S+UY2s0rWTBJyfdEIgn6i6Zl9otVqrcFYbYrneBT7hbmHQ8gE0C3umA=="
    },
    "it-all@3.0.7": {
      "integrity": "sha512-PkuYtu6XhJzuPTKXImd6y0qE6H91MUPV/b9xotXMAI6GjmD2v3NoHj2g5L0lS2qZ0EzyGWZU1kp0UxW8POvNBQ=="
    },
    "it-drain@3.0.8": {
      "integrity": "sha512-eeOz+WwKc11ou1UuqZympcXPLCjpTn5ALcYFJiHeTEiYEZ2py/J1vq41XWYj88huCUiqp9iNHfObOKrbIk5Izw=="
    },
    "it-filter@3.1.2": {
      "integrity": "sha512-2AozaGjIvBBiB7t7MpVNug9kwofqmKSpvgW7zhuyvCs6xxDd6FrfvqyfYtlQTKLNP+Io1WeXko1UQhdlK4M0gg==",
      "dependencies": [
        "it-peekable"
      ]
    },
    "it-map@3.1.2": {
      "integrity": "sha512-G3dzFUjTYHKumJJ8wa9dSDS3yKm8L7qDUnAgzemOD0UMztwm54Qc2v97SuUCiAgbOz/aibkSLImfoFK09RlSFQ==",
      "dependencies": [
        "it-peekable"
      ]
    },
    "it-merge@3.0.9": {
      "integrity": "sha512-TjY4WTiwe4ONmaKScNvHDAJj6Tw0UeQFp4JrtC/3Mq7DTyhytes7mnv5OpZV4gItpZcs0AgRntpT2vAy2cnXUw==",
      "dependencies": [
        "it-queueless-pushable"
      ]
    },
    "it-peekable@3.0.6": {
      "integrity": "sha512-odk9wn8AwFQipy8+tFaZNRCM62riraKZJRysfbmOett9wgJumCwgZFzWUBUwMoiQapEcEVGwjDpMChZIi+zLuQ=="
    },
    "it-pipe@3.0.1": {
      "integrity": "sha512-sIoNrQl1qSRg2seYSBH/3QxWhJFn9PKYvOf/bHdtCBF0bnghey44VyASsWzn5dAx0DCDDABq1hZIuzKmtBZmKA==",
      "dependencies": [
        "it-merge",
        "it-pushable",
        "it-stream-types"
      ]
    },
    "it-pushable@3.2.3": {
      "integrity": "sha512-gzYnXYK8Y5t5b/BnJUr7glfQLO4U5vyb05gPx/TyTw+4Bv1zM9gFk4YsOrnulWefMewlphCjKkakFvj1y99Tcg==",
      "dependencies": [
        "p-defer"
      ]
    },
    "it-queueless-pushable@2.0.0": {
      "integrity": "sha512-MlNnefWT/ntv5fesrHpxwVIu6ZdtlkN0A4aaJiE5wnmPMBv9ttiwX3UEMf78dFwIj5ZNaU9usYXg4swMEpUNJQ==",
      "dependencies": [
        "abort-error",
        "p-defer",
        "race-signal"
      ]
    },
    "it-sort@3.0.7": {
      "integrity": "sha512-PsaKSd2Z0uhq8Mq5htdfsE/UagmdLCLWdBXPwi3FZGR4BTG180pFamhK+O+luFtBCNGRoqKAdtbZGTyGwA9uzw==",
      "dependencies": [
        "it-all"
      ]
    },
    "it-stream-types@2.0.2": {
      "integrity": "sha512-Rz/DEZ6Byn/r9+/SBCuJhpPATDF9D+dz5pbgSUyBsCDtza6wtNATrz/jz1gDyNanC3XdLboriHnOC925bZRBww=="
    },
    "it-take@3.0.7": {
      "integrity": "sha512-0+EbsTvH1XCpwhhFkjWdqJTjzS5XP3KL69woBqwANNhMLKn0j39jk/WHIlvbg9XW2vEm7cZz4p8w5DkBZR8LoA=="
    },
    "ms@3.0.0-canary.1": {
      "integrity": "sha512-kh8ARjh8rMN7Du2igDRO9QJnqCb2xYTJxyQYK7vJJS4TvLLmsbyhiKpSW+t+y26gyOyMd0riphX0GeWKU3ky5g=="
    },
    "multiformats@13.3.2": {
      "integrity": "sha512-qbB0CQDt3QKfiAzZ5ZYjLFOs+zW43vA4uyM8g27PeEuXZybUOFyjrVdP93HPBHMoglibwfkdVwbzfUq8qGcH6g=="
    },
    "p-defer@4.0.1": {
      "integrity": "sha512-Mr5KC5efvAK5VUptYEIopP1bakB85k2IWXaRC0rsh1uwn1L6M0LVml8OIQ4Gudg4oyZakf7FmeRLkMMtZW1i5A=="
    },
    "p-queue@8.1.0": {
      "integrity": "sha512-mxLDbbGIBEXTJL0zEx8JIylaj3xQ7Z/7eEVjcF9fJX4DBiH9oqe+oahYnlKKxm0Ci9TlWTyhSHgygxMxjIB2jw==",
      "dependencies": [
        "eventemitter3",
        "p-timeout"
      ]
    },
    "p-timeout@6.1.4": {
      "integrity": "sha512-MyIV3ZA/PmyBN/ud8vV9XzwTrNtR4jFrObymZYnZqMmW0zA8Z17vnT0rBgFE/TlohB+YCHqXMgZzb3Csp49vqg=="
    },
    "progress-events@1.0.1": {
      "integrity": "sha512-MOzLIwhpt64KIVN64h1MwdKWiyKFNc/S6BoYKPIVUHFg0/eIEyBulhWCgn678v/4c0ri3FdGuzXymNCv02MUIw=="
    },
    "race-signal@1.1.3": {
      "integrity": "sha512-Mt2NznMgepLfORijhQMncE26IhkmjEphig+/1fKC0OtaKwys/gpvpmswSjoN01SS+VO951mj0L4VIDXdXsjnfA=="
    },
    "supports-color@9.4.0": {
      "integrity": "sha512-VL+lNrEoIXww1coLPOmiEmK/0sGigko5COxI09KzHc2VJXJsQ37UaQ+8quuxjDeA7+KnLGTWRyOXSLLR2Wb4jw=="
    },
    "uint8-varint@2.0.4": {
      "integrity": "sha512-FwpTa7ZGA/f/EssWAb5/YV6pHgVF1fViKdW8cWaEarjB8t7NyofSWBdOTyFPaGuUG4gx3v1O3PQ8etsiOs3lcw==",
      "dependencies": [
        "uint8arraylist",
        "uint8arrays"
      ]
    },
    "uint8arraylist@2.4.8": {
      "integrity": "sha512-vc1PlGOzglLF0eae1M8mLRTBivsvrGsdmJ5RbK3e+QRvRLOZfZhQROTwH/OfyF3+ZVUg9/8hE8bmKP2CvP9quQ==",
      "dependencies": [
        "uint8arrays"
      ]
    },
    "uint8arrays@5.1.0": {
      "integrity": "sha512-vA6nFepEmlSKkMBnLBaUMVvAC4G3CTmO58C12y4sq6WPDOR7mOFYOi7GlrQ4djeSbP6JG9Pv9tJDM97PedRSww==",
      "dependencies": [
        "multiformats"
      ]
    },
    "undici-types@6.20.0": {
      "integrity": "sha512-Ny6QZ2Nju20vw1SRHe3d9jVu6gJ+4e3+MMpqu7pqE5HT6WsTSlce++GQmK5UXS8mzV8DSYHrQH+Xrf2jVcuKNg=="
    },
    "weald@1.0.4": {
      "integrity": "sha512-+kYTuHonJBwmFhP1Z4YQK/dGi3jAnJGCYhyODFpHK73rbxnp9lnZQj7a2m+WVgn8fXr5bJaxUpF6l8qZpPeNWQ==",
      "dependencies": [
        "ms",
        "supports-color"
      ]
    }
  },
  "workspace": {
    "dependencies": [
      "jsr:@std/expect@^1.0.15",
      "jsr:@std/testing@^1.0.11",
      "npm:datastore-core@^10.0.2",
      "npm:interface-datastore@^8.3.1",
      "npm:multiformats@^13.3.2"
    ]
  }
}
